// !$*UTF8*$!
{
	archiveVersion = 1;
	classes = {
	};
	objectVersion = 70;
	objects = {

/* Begin PBXBuildFile section */
		19113A062E10C0F00046B9D1 /* ModernAuthView.swift in Sources */ = {isa = PBXBuildFile; fileRef = 19113A052E10C0F00046B9D1 /* ModernAuthView.swift */; };
		19113A072E10C0F00046B9D1 /* AppIconView.swift in Sources */ = {isa = PBXBuildFile; fileRef = 19113A042E10C0F00046B9D1 /* AppIconView.swift */; };
		19113A082E10C0F00046B9D1 /* ModernAuthView.swift in Sources */ = {isa = PBXBuildFile; fileRef = 19113A052E10C0F00046B9D1 /* ModernAuthView.swift */; };
		19113A092E10C0F00046B9D1 /* AppIconView.swift in Sources */ = {isa = PBXBuildFile; fileRef = 19113A042E10C0F00046B9D1 /* AppIconView.swift */; };
		19113A0A2E10C0F00046B9D1 /* ModernAuthView.swift in Sources */ = {isa = PBXBuildFile; fileRef = 19113A052E10C0F00046B9D1 /* ModernAuthView.swift */; };
		19113A0B2E10C0F00046B9D1 /* AppIconView.swift in Sources */ = {isa = PBXBuildFile; fileRef = 19113A042E10C0F00046B9D1 /* AppIconView.swift */; };
		19113A0F2E14C4DF0046B9D1 /* SecuritySettingsView.swift in Sources */ = {isa = PBXBuildFile; fileRef = 19113A0E2E14C4DF0046B9D1 /* SecuritySettingsView.swift */; };
		19113A102E14C4DF0046B9D1 /* SecuritySettingsView.swift in Sources */ = {isa = PBXBuildFile; fileRef = 19113A0E2E14C4DF0046B9D1 /* SecuritySettingsView.swift */; };
		19113A112E14C4DF0046B9D1 /* SecuritySettingsView.swift in Sources */ = {isa = PBXBuildFile; fileRef = 19113A0E2E14C4DF0046B9D1 /* SecuritySettingsView.swift */; };
		191EE5812E54074E0046BC4D /* AppError.swift in Sources */ = {isa = PBXBuildFile; fileRef = 191EE57F2E54074E0046BC4D /* AppError.swift */; };
		191EE5822E54074E0046BC4D /* LoadingStateManager.swift in Sources */ = {isa = PBXBuildFile; fileRef = 191EE5802E54074E0046BC4D /* LoadingStateManager.swift */; };
		191EE5832E54074E0046BC4D /* AppError.swift in Sources */ = {isa = PBXBuildFile; fileRef = 191EE57F2E54074E0046BC4D /* AppError.swift */; };
		191EE5842E54074E0046BC4D /* LoadingStateManager.swift in Sources */ = {isa = PBXBuildFile; fileRef = 191EE5802E54074E0046BC4D /* LoadingStateManager.swift */; };
		191EE5852E54074E0046BC4D /* AppError.swift in Sources */ = {isa = PBXBuildFile; fileRef = 191EE57F2E54074E0046BC4D /* AppError.swift */; };
		191EE5862E54074E0046BC4D /* LoadingStateManager.swift in Sources */ = {isa = PBXBuildFile; fileRef = 191EE5802E54074E0046BC4D /* LoadingStateManager.swift */; };
		191EE5882E540B5A0046BC4D /* ImageCaptureManager.swift in Sources */ = {isa = PBXBuildFile; fileRef = 191EE5872E540B5A0046BC4D /* ImageCaptureManager.swift */; };
		191EE5892E540B5A0046BC4D /* ImageCaptureManager.swift in Sources */ = {isa = PBXBuildFile; fileRef = 191EE5872E540B5A0046BC4D /* ImageCaptureManager.swift */; };
		191EE58A2E540B5A0046BC4D /* ImageCaptureManager.swift in Sources */ = {isa = PBXBuildFile; fileRef = 191EE5872E540B5A0046BC4D /* ImageCaptureManager.swift */; };
		191EE58C2E542EA70046BC4D /* BackendReceiptProcessor.swift in Sources */ = {isa = PBXBuildFile; fileRef = 191EE58B2E542EA70046BC4D /* BackendReceiptProcessor.swift */; };
		191EE58D2E542EA70046BC4D /* BackendReceiptProcessor.swift in Sources */ = {isa = PBXBuildFile; fileRef = 191EE58B2E542EA70046BC4D /* BackendReceiptProcessor.swift */; };
		191EE58E2E542EA70046BC4D /* BackendReceiptProcessor.swift in Sources */ = {isa = PBXBuildFile; fileRef = 191EE58B2E542EA70046BC4D /* BackendReceiptProcessor.swift */; };
		191EE5902E542EBF0046BC4D /* AppConfig.swift in Sources */ = {isa = PBXBuildFile; fileRef = 191EE58F2E542EBF0046BC4D /* AppConfig.swift */; };
		191EE5912E542EBF0046BC4D /* AppConfig.swift in Sources */ = {isa = PBXBuildFile; fileRef = 191EE58F2E542EBF0046BC4D /* AppConfig.swift */; };
		191EE5922E542EBF0046BC4D /* AppConfig.swift in Sources */ = {isa = PBXBuildFile; fileRef = 191EE58F2E542EBF0046BC4D /* AppConfig.swift */; };
		1944E4EB2E5AA77D0020F67D /* AboutView.swift in Sources */ = {isa = PBXBuildFile; fileRef = 1944E4E72E5AA77D0020F67D /* AboutView.swift */; };
		1944E4EC2E5AA77D0020F67D /* AppPreferencesView.swift in Sources */ = {isa = PBXBuildFile; fileRef = 1944E4E82E5AA77D0020F67D /* AppPreferencesView.swift */; };
		1944E4ED2E5AA77D0020F67D /* HelpSupportView.swift in Sources */ = {isa = PBXBuildFile; fileRef = 1944E4EA2E5AA77D0020F67D /* HelpSupportView.swift */; };
		1944E4EE2E5AA77D0020F67D /* DataManagementView.swift in Sources */ = {isa = PBXBuildFile; fileRef = 1944E4E92E5AA77D0020F67D /* DataManagementView.swift */; };
		1944E4EF2E5AA77D0020F67D /* AboutView.swift in Sources */ = {isa = PBXBuildFile; fileRef = 1944E4E72E5AA77D0020F67D /* AboutView.swift */; };
		1944E4F02E5AA77D0020F67D /* AppPreferencesView.swift in Sources */ = {isa = PBXBuildFile; fileRef = 1944E4E82E5AA77D0020F67D /* AppPreferencesView.swift */; };
		1944E4F12E5AA77D0020F67D /* HelpSupportView.swift in Sources */ = {isa = PBXBuildFile; fileRef = 1944E4EA2E5AA77D0020F67D /* HelpSupportView.swift */; };
		1944E4F22E5AA77D0020F67D /* DataManagementView.swift in Sources */ = {isa = PBXBuildFile; fileRef = 1944E4E92E5AA77D0020F67D /* DataManagementView.swift */; };
		1944E4F32E5AA77D0020F67D /* AboutView.swift in Sources */ = {isa = PBXBuildFile; fileRef = 1944E4E72E5AA77D0020F67D /* AboutView.swift */; };
		1944E4F42E5AA77D0020F67D /* AppPreferencesView.swift in Sources */ = {isa = PBXBuildFile; fileRef = 1944E4E82E5AA77D0020F67D /* AppPreferencesView.swift */; };
		1944E4F52E5AA77D0020F67D /* HelpSupportView.swift in Sources */ = {isa = PBXBuildFile; fileRef = 1944E4EA2E5AA77D0020F67D /* HelpSupportView.swift */; };
		1944E4F62E5AA77D0020F67D /* DataManagementView.swift in Sources */ = {isa = PBXBuildFile; fileRef = 1944E4E92E5AA77D0020F67D /* DataManagementView.swift */; };
		1956E3662D1BB185003F6EFF /* FirebaseAnalytics in Frameworks */ = {isa = PBXBuildFile; productRef = 1956E3652D1BB185003F6EFF /* FirebaseAnalytics */; };
		1956E3682D1BB393003F6EFF /* FirebaseStorage in Frameworks */ = {isa = PBXBuildFile; productRef = 1956E3672D1BB393003F6EFF /* FirebaseStorage */; };
		1956E36A2D1BB878003F6EFF /* FirebaseFirestore in Frameworks */ = {isa = PBXBuildFile; productRef = 1956E3692D1BB878003F6EFF /* FirebaseFirestore */; };
		1956E36C2D1BB9B6003F6EFF /* FirebaseCore in Frameworks */ = {isa = PBXBuildFile; productRef = 1956E36B2D1BB9B6003F6EFF /* FirebaseCore */; };
		1968AE582D221E6400B17682 /* LogoView.swift in Sources */ = {isa = PBXBuildFile; fileRef = 1968AE542D221E6400B17682 /* LogoView.swift */; };
		1968AE5C2D2244A600B17682 /* MainTabView.swift in Sources */ = {isa = PBXBuildFile; fileRef = 1968AE5B2D2244A300B17682 /* MainTabView.swift */; };
		1968AE5F2D2244EE00B17682 /* RegistrationView.swift in Sources */ = {isa = PBXBuildFile; fileRef = 1968AE5E2D2244EE00B17682 /* RegistrationView.swift */; };
		1968AE612D2244FD00B17682 /* LoginView.swift in Sources */ = {isa = PBXBuildFile; fileRef = 1968AE602D2244FD00B17682 /* LoginView.swift */; };
		1968AE892D2B8CE800B17682 /* CustomImagePicker.swift in Sources */ = {isa = PBXBuildFile; fileRef = 1968AE882D2B8CE800B17682 /* CustomImagePicker.swift */; };
		1968AE8B2D2B95D400B17682 /* ImageConfirmationView.swift in Sources */ = {isa = PBXBuildFile; fileRef = 1968AE8A2D2B95D400B17682 /* ImageConfirmationView.swift */; };
		1968AE8D2D2CF2C000B17682 /* MetricCard.swift in Sources */ = {isa = PBXBuildFile; fileRef = 1968AE8C2D2CF2C000B17682 /* MetricCard.swift */; };
		197B82092D1C89BB000FC681 /* CameraView.swift in Sources */ = {isa = PBXBuildFile; fileRef = 197B82082D1C89B8000FC681 /* CameraView.swift */; };
		197B820D2D1C89D6000FC681 /* DashboardView.swift in Sources */ = {isa = PBXBuildFile; fileRef = 197B820C2D1C89D3000FC681 /* DashboardView.swift */; };
		197B82172D1CBDEE000FC681 /* HistoryView.swift in Sources */ = {isa = PBXBuildFile; fileRef = 197B82162D1CBDEB000FC681 /* HistoryView.swift */; };
		197B82192D1CBE04000FC681 /* ProfileView.swift in Sources */ = {isa = PBXBuildFile; fileRef = 197B82182D1CBE00000FC681 /* ProfileView.swift */; };
		197B821B2D1CC05D000FC681 /* CaptureButtonView.swift in Sources */ = {isa = PBXBuildFile; fileRef = 197B821A2D1CC059000FC681 /* CaptureButtonView.swift */; };
		197B821D2D1CC333000FC681 /* HomeView.swift in Sources */ = {isa = PBXBuildFile; fileRef = 197B821C2D1CC331000FC681 /* HomeView.swift */; };
		197B821F2D1CC35A000FC681 /* StatsView.swift in Sources */ = {isa = PBXBuildFile; fileRef = 197B821E2D1CC356000FC681 /* StatsView.swift */; };
		19CB81F82D1773AC00FB3F19 /* BudgyFinanceApp.swift in Sources */ = {isa = PBXBuildFile; fileRef = 19CB81F72D1773AC00FB3F19 /* BudgyFinanceApp.swift */; };
		19CB81FC2D1773AD00FB3F19 /* Assets.xcassets in Resources */ = {isa = PBXBuildFile; fileRef = 19CB81FB2D1773AD00FB3F19 /* Assets.xcassets */; };
		19CB82002D1773AD00FB3F19 /* Preview Assets.xcassets in Resources */ = {isa = PBXBuildFile; fileRef = 19CB81FF2D1773AD00FB3F19 /* Preview Assets.xcassets */; };
		19CB820A2D1773AD00FB3F19 /* budgyfinanceTests.swift in Sources */ = {isa = PBXBuildFile; fileRef = 19CB82092D1773AD00FB3F19 /* budgyfinanceTests.swift */; };
		19CB82142D1773AD00FB3F19 /* budgyfinanceUITests.swift in Sources */ = {isa = PBXBuildFile; fileRef = 19CB82132D1773AD00FB3F19 /* budgyfinanceUITests.swift */; };
		19CB82162D1773AD00FB3F19 /* budgyfinanceUITestsLaunchTests.swift in Sources */ = {isa = PBXBuildFile; fileRef = 19CB82152D1773AD00FB3F19 /* budgyfinanceUITestsLaunchTests.swift */; };
		19DF928F2D1E571C004D9F7B /* ReceiptProcessor.swift in Sources */ = {isa = PBXBuildFile; fileRef = 19DF928E2D1E571C004D9F7B /* ReceiptProcessor.swift */; };
		19DF92962D1E614D004D9F7B /* FirestoreManager.swift in Sources */ = {isa = PBXBuildFile; fileRef = 19DF92952D1E614C004D9F7B /* FirestoreManager.swift */; };
		19DF92982D1E6B62004D9F7B /* GoogleService-Info.plist in Resources */ = {isa = PBXBuildFile; fileRef = 19DF92972D1E6B62004D9F7B /* GoogleService-Info.plist */; };
		19DF929A2D1E6C81004D9F7B /* FirebaseTest.swift in Sources */ = {isa = PBXBuildFile; fileRef = 19DF92992D1E6C81004D9F7B /* FirebaseTest.swift */; };
		19DF929C2D1E6DD8004D9F7B /* EditReceiptView.swift in Sources */ = {isa = PBXBuildFile; fileRef = 19DF929B2D1E6DD8004D9F7B /* EditReceiptView.swift */; };
		19DF929E2D1E6E59004D9F7B /* ReceiptDetailView.swift in Sources */ = {isa = PBXBuildFile; fileRef = 19DF929D2D1E6E59004D9F7B /* ReceiptDetailView.swift */; };
		19DF92A32D1E7391004D9F7B /* OpenAIKit in Frameworks */ = {isa = PBXBuildFile; productRef = 19DF92A22D1E7391004D9F7B /* OpenAIKit */; };
		19DF92A52D1E7852004D9F7B /* FirestoreRetryHelper.swift in Sources */ = {isa = PBXBuildFile; fileRef = 19DF92A42D1E7851004D9F7B /* FirestoreRetryHelper.swift */; };
		19DF92A72D22132D004D9F7B /* AuthView.swift in Sources */ = {isa = PBXBuildFile; fileRef = 19DF92A62D22132B004D9F7B /* AuthView.swift */; };
		19DF92A92D221433004D9F7B /* FirebaseAuth in Frameworks */ = {isa = PBXBuildFile; productRef = 19DF92A82D221433004D9F7B /* FirebaseAuth */; };
/* End PBXBuildFile section */

/* Begin PBXContainerItemProxy section */
		19CB82062D1773AD00FB3F19 /* PBXContainerItemProxy */ = {
			isa = PBXContainerItemProxy;
			containerPortal = 19CB81EA2D1773AC00FB3F19 /* Project object */;
			proxyType = 1;
			remoteGlobalIDString = 19CB81F12D1773AC00FB3F19;
			remoteInfo = budgyfinance;
		};
		19CB82102D1773AD00FB3F19 /* PBXContainerItemProxy */ = {
			isa = PBXContainerItemProxy;
			containerPortal = 19CB81EA2D1773AC00FB3F19 /* Project object */;
			proxyType = 1;
			remoteGlobalIDString = 19CB81F12D1773AC00FB3F19;
			remoteInfo = budgyfinance;
		};
/* End PBXContainerItemProxy section */

/* Begin PBXFileReference section */
		19113A042E10C0F00046B9D1 /* AppIconView.swift */ = {isa = PBXFileReference; lastKnownFileType = sourcecode.swift; path = AppIconView.swift; sourceTree = "<group>"; };
		19113A052E10C0F00046B9D1 /* ModernAuthView.swift */ = {isa = PBXFileReference; lastKnownFileType = sourcecode.swift; path = ModernAuthView.swift; sourceTree = "<group>"; };
		19113A0E2E14C4DF0046B9D1 /* SecuritySettingsView.swift */ = {isa = PBXFileReference; lastKnownFileType = sourcecode.swift; path = SecuritySettingsView.swift; sourceTree = "<group>"; };
		191EE57F2E54074E0046BC4D /* AppError.swift */ = {isa = PBXFileReference; lastKnownFileType = sourcecode.swift; path = AppError.swift; sourceTree = "<group>"; };
		191EE5802E54074E0046BC4D /* LoadingStateManager.swift */ = {isa = PBXFileReference; lastKnownFileType = sourcecode.swift; path = LoadingStateManager.swift; sourceTree = "<group>"; };
		191EE5872E540B5A0046BC4D /* ImageCaptureManager.swift */ = {isa = PBXFileReference; lastKnownFileType = sourcecode.swift; path = ImageCaptureManager.swift; sourceTree = "<group>"; };
		191EE58B2E542EA70046BC4D /* BackendReceiptProcessor.swift */ = {isa = PBXFileReference; lastKnownFileType = sourcecode.swift; path = BackendReceiptProcessor.swift; sourceTree = "<group>"; };
		191EE58F2E542EBF0046BC4D /* AppConfig.swift */ = {isa = PBXFileReference; lastKnownFileType = sourcecode.swift; path = AppConfig.swift; sourceTree = "<group>"; };
		1944E4E72E5AA77D0020F67D /* AboutView.swift */ = {isa = PBXFileReference; lastKnownFileType = sourcecode.swift; path = AboutView.swift; sourceTree = "<group>"; };
		1944E4E82E5AA77D0020F67D /* AppPreferencesView.swift */ = {isa = PBXFileReference; lastKnownFileType = sourcecode.swift; path = AppPreferencesView.swift; sourceTree = "<group>"; };
		1944E4E92E5AA77D0020F67D /* DataManagementView.swift */ = {isa = PBXFileReference; lastKnownFileType = sourcecode.swift; path = DataManagementView.swift; sourceTree = "<group>"; };
		1944E4EA2E5AA77D0020F67D /* HelpSupportView.swift */ = {isa = PBXFileReference; lastKnownFileType = sourcecode.swift; path = HelpSupportView.swift; sourceTree = "<group>"; };
		1968AE542D221E6400B17682 /* LogoView.swift */ = {isa = PBXFileReference; lastKnownFileType = sourcecode.swift; path = LogoView.swift; sourceTree = "<group>"; };
		1968AE5B2D2244A300B17682 /* MainTabView.swift */ = {isa = PBXFileReference; lastKnownFileType = sourcecode.swift; path = MainTabView.swift; sourceTree = "<group>"; };
		1968AE5E2D2244EE00B17682 /* RegistrationView.swift */ = {isa = PBXFileReference; lastKnownFileType = sourcecode.swift; path = RegistrationView.swift; sourceTree = "<group>"; };
		1968AE602D2244FD00B17682 /* LoginView.swift */ = {isa = PBXFileReference; lastKnownFileType = sourcecode.swift; path = LoginView.swift; sourceTree = "<group>"; };
		1968AE882D2B8CE800B17682 /* CustomImagePicker.swift */ = {isa = PBXFileReference; lastKnownFileType = sourcecode.swift; path = CustomImagePicker.swift; sourceTree = "<group>"; };
		1968AE8A2D2B95D400B17682 /* ImageConfirmationView.swift */ = {isa = PBXFileReference; lastKnownFileType = sourcecode.swift; path = ImageConfirmationView.swift; sourceTree = "<group>"; };
		1968AE8C2D2CF2C000B17682 /* MetricCard.swift */ = {isa = PBXFileReference; lastKnownFileType = sourcecode.swift; path = MetricCard.swift; sourceTree = "<group>"; };
		197B82082D1C89B8000FC681 /* CameraView.swift */ = {isa = PBXFileReference; lastKnownFileType = sourcecode.swift; path = CameraView.swift; sourceTree = "<group>"; };
		197B820C2D1C89D3000FC681 /* DashboardView.swift */ = {isa = PBXFileReference; lastKnownFileType = sourcecode.swift; path = DashboardView.swift; sourceTree = "<group>"; };
		197B82162D1CBDEB000FC681 /* HistoryView.swift */ = {isa = PBXFileReference; lastKnownFileType = sourcecode.swift; path = HistoryView.swift; sourceTree = "<group>"; };
		197B82182D1CBE00000FC681 /* ProfileView.swift */ = {isa = PBXFileReference; lastKnownFileType = sourcecode.swift; path = ProfileView.swift; sourceTree = "<group>"; };
		197B821A2D1CC059000FC681 /* CaptureButtonView.swift */ = {isa = PBXFileReference; lastKnownFileType = sourcecode.swift; path = CaptureButtonView.swift; sourceTree = "<group>"; };
		197B821C2D1CC331000FC681 /* HomeView.swift */ = {isa = PBXFileReference; lastKnownFileType = sourcecode.swift; path = HomeView.swift; sourceTree = "<group>"; };
		197B821E2D1CC356000FC681 /* StatsView.swift */ = {isa = PBXFileReference; lastKnownFileType = sourcecode.swift; path = StatsView.swift; sourceTree = "<group>"; };
		197B82202D1E4C3E000FC681 /* Info.plist */ = {isa = PBXFileReference; lastKnownFileType = text.plist; path = Info.plist; sourceTree = "<group>"; };
		19CB81F22D1773AC00FB3F19 /* budgyfinance.app */ = {isa = PBXFileReference; explicitFileType = wrapper.application; includeInIndex = 0; path = budgyfinance.app; sourceTree = BUILT_PRODUCTS_DIR; };
		19CB81F72D1773AC00FB3F19 /* BudgyFinanceApp.swift */ = {isa = PBXFileReference; lastKnownFileType = sourcecode.swift; path = BudgyFinanceApp.swift; sourceTree = "<group>"; };
		19CB81FB2D1773AD00FB3F19 /* Assets.xcassets */ = {isa = PBXFileReference; lastKnownFileType = folder.assetcatalog; path = Assets.xcassets; sourceTree = "<group>"; };
		19CB81FD2D1773AD00FB3F19 /* budgyfinance.entitlements */ = {isa = PBXFileReference; lastKnownFileType = text.plist.entitlements; path = budgyfinance.entitlements; sourceTree = "<group>"; };
		19CB81FF2D1773AD00FB3F19 /* Preview Assets.xcassets */ = {isa = PBXFileReference; lastKnownFileType = folder.assetcatalog; path = "Preview Assets.xcassets"; sourceTree = "<group>"; };
		19CB82052D1773AD00FB3F19 /* budgyfinanceTests.xctest */ = {isa = PBXFileReference; explicitFileType = wrapper.cfbundle; includeInIndex = 0; path = budgyfinanceTests.xctest; sourceTree = BUILT_PRODUCTS_DIR; };
		19CB82092D1773AD00FB3F19 /* budgyfinanceTests.swift */ = {isa = PBXFileReference; lastKnownFileType = sourcecode.swift; path = budgyfinanceTests.swift; sourceTree = "<group>"; };
		19CB820F2D1773AD00FB3F19 /* budgyfinanceUITests.xctest */ = {isa = PBXFileReference; explicitFileType = wrapper.cfbundle; includeInIndex = 0; path = budgyfinanceUITests.xctest; sourceTree = BUILT_PRODUCTS_DIR; };
		19CB82132D1773AD00FB3F19 /* budgyfinanceUITests.swift */ = {isa = PBXFileReference; lastKnownFileType = sourcecode.swift; path = budgyfinanceUITests.swift; sourceTree = "<group>"; };
		19CB82152D1773AD00FB3F19 /* budgyfinanceUITestsLaunchTests.swift */ = {isa = PBXFileReference; lastKnownFileType = sourcecode.swift; path = budgyfinanceUITestsLaunchTests.swift; sourceTree = "<group>"; };
		19DF928E2D1E571C004D9F7B /* ReceiptProcessor.swift */ = {isa = PBXFileReference; lastKnownFileType = sourcecode.swift; path = ReceiptProcessor.swift; sourceTree = "<group>"; };
		19DF92942D1E610F004D9F7B /* AppDelegate.swift */ = {isa = PBXFileReference; lastKnownFileType = sourcecode.swift; path = AppDelegate.swift; sourceTree = "<group>"; };
		19DF92952D1E614C004D9F7B /* FirestoreManager.swift */ = {isa = PBXFileReference; lastKnownFileType = sourcecode.swift; path = FirestoreManager.swift; sourceTree = "<group>"; };
		19DF92972D1E6B62004D9F7B /* GoogleService-Info.plist */ = {isa = PBXFileReference; lastKnownFileType = text.plist.xml; path = "GoogleService-Info.plist"; sourceTree = "<group>"; };
		19DF92992D1E6C81004D9F7B /* FirebaseTest.swift */ = {isa = PBXFileReference; lastKnownFileType = sourcecode.swift; path = FirebaseTest.swift; sourceTree = "<group>"; };
		19DF929B2D1E6DD8004D9F7B /* EditReceiptView.swift */ = {isa = PBXFileReference; lastKnownFileType = sourcecode.swift; path = EditReceiptView.swift; sourceTree = "<group>"; };
		19DF929D2D1E6E59004D9F7B /* ReceiptDetailView.swift */ = {isa = PBXFileReference; lastKnownFileType = sourcecode.swift; path = ReceiptDetailView.swift; sourceTree = "<group>"; };
		19DF92A42D1E7851004D9F7B /* FirestoreRetryHelper.swift */ = {isa = PBXFileReference; lastKnownFileType = sourcecode.swift; path = FirestoreRetryHelper.swift; sourceTree = "<group>"; };
		19DF92A62D22132B004D9F7B /* AuthView.swift */ = {isa = PBXFileReference; lastKnownFileType = sourcecode.swift; path = AuthView.swift; sourceTree = "<group>"; };
/* End PBXFileReference section */

/* Begin PBXFileSystemSynchronizedRootGroup section */
		1968AE6B2D22461500B17682 /* Shared */ = {isa = PBXFileSystemSynchronizedRootGroup; explicitFileTypes = {}; explicitFolders = (); path = Shared; sourceTree = "<group>"; };
		1968AE6D2D22463800B17682 /* ViewModels */ = {isa = PBXFileSystemSynchronizedRootGroup; explicitFileTypes = {}; explicitFolders = (); path = ViewModels; sourceTree = "<group>"; };
		1968AE6E2D22464700B17682 /* Services */ = {isa = PBXFileSystemSynchronizedRootGroup; explicitFileTypes = {}; explicitFolders = (); path = Services; sourceTree = "<group>"; };
		1968AE6F2D22465300B17682 /* Models */ = {isa = PBXFileSystemSynchronizedRootGroup; explicitFileTypes = {}; explicitFolders = (); path = Models; sourceTree = "<group>"; };
/* End PBXFileSystemSynchronizedRootGroup section */

/* Begin PBXFrameworksBuildPhase section */
		19CB81EF2D1773AC00FB3F19 /* Frameworks */ = {
			isa = PBXFrameworksBuildPhase;
			buildActionMask = 2147483647;
			files = (
				1956E3662D1BB185003F6EFF /* FirebaseAnalytics in Frameworks */,
				19DF92A92D221433004D9F7B /* FirebaseAuth in Frameworks */,
				1956E3682D1BB393003F6EFF /* FirebaseStorage in Frameworks */,
				19DF92A32D1E7391004D9F7B /* OpenAIKit in Frameworks */,
				1956E36C2D1BB9B6003F6EFF /* FirebaseCore in Frameworks */,
				1956E36A2D1BB878003F6EFF /* FirebaseFirestore in Frameworks */,
			);
			runOnlyForDeploymentPostprocessing = 0;
		};
		19CB82022D1773AD00FB3F19 /* Frameworks */ = {
			isa = PBXFrameworksBuildPhase;
			buildActionMask = 2147483647;
			files = (
			);
			runOnlyForDeploymentPostprocessing = 0;
		};
		19CB820C2D1773AD00FB3F19 /* Frameworks */ = {
			isa = PBXFrameworksBuildPhase;
			buildActionMask = 2147483647;
			files = (
			);
			runOnlyForDeploymentPostprocessing = 0;
		};
/* End PBXFrameworksBuildPhase section */

/* Begin PBXGroup section */
		1956E3642D1BB11F003F6EFF /* Frameworks */ = {
			isa = PBXGroup;
			children = (
			);
			name = Frameworks;
			sourceTree = "<group>";
		};
		1968AE552D221E6400B17682 /* Components */ = {
			isa = PBXGroup;
			children = (
				1968AE602D2244FD00B17682 /* LoginView.swift */,
				1968AE5E2D2244EE00B17682 /* RegistrationView.swift */,
				1968AE542D221E6400B17682 /* LogoView.swift */,
			);
			path = Components;
			sourceTree = "<group>";
		};
		1968AE562D221E6400B17682 /* Auth */ = {
			isa = PBXGroup;
			children = (
				1968AE6B2D22461500B17682 /* Shared */,
				1968AE552D221E6400B17682 /* Components */,
				19DF92A62D22132B004D9F7B /* AuthView.swift */,
			);
			path = Auth;
			sourceTree = "<group>";
		};
		1968AE572D221E6400B17682 /* Views */ = {
			isa = PBXGroup;
			children = (
				1968AE562D221E6400B17682 /* Auth */,
				1944E4E72E5AA77D0020F67D /* AboutView.swift */,
				1944E4E82E5AA77D0020F67D /* AppPreferencesView.swift */,
				1944E4E92E5AA77D0020F67D /* DataManagementView.swift */,
				1944E4EA2E5AA77D0020F67D /* HelpSupportView.swift */,
			);
			path = Views;
			sourceTree = "<group>";
		};
		19CB81E92D1773AC00FB3F19 = {
			isa = PBXGroup;
			children = (
				19113A0E2E14C4DF0046B9D1 /* SecuritySettingsView.swift */,
				19CB81F42D1773AC00FB3F19 /* budgyfinance */,
				19CB82082D1773AD00FB3F19 /* budgyfinanceTests */,
				19CB82122D1773AD00FB3F19 /* budgyfinanceUITests */,
				19CB81F32D1773AC00FB3F19 /* Products */,
				1956E3642D1BB11F003F6EFF /* Frameworks */,
			);
			sourceTree = "<group>";
		};
		19CB81F32D1773AC00FB3F19 /* Products */ = {
			isa = PBXGroup;
			children = (
				19CB81F22D1773AC00FB3F19 /* budgyfinance.app */,
				19CB82052D1773AD00FB3F19 /* budgyfinanceTests.xctest */,
				19CB820F2D1773AD00FB3F19 /* budgyfinanceUITests.xctest */,
			);
			name = Products;
			sourceTree = "<group>";
		};
		19CB81F42D1773AC00FB3F19 /* budgyfinance */ = {
			isa = PBXGroup;
			children = (
				19113A042E10C0F00046B9D1 /* AppIconView.swift */,
				19113A052E10C0F00046B9D1 /* ModernAuthView.swift */,
				1968AE8C2D2CF2C000B17682 /* MetricCard.swift */,
				1968AE6F2D22465300B17682 /* Models */,
				1968AE6E2D22464700B17682 /* Services */,
				1968AE6D2D22463800B17682 /* ViewModels */,
				1968AE5B2D2244A300B17682 /* MainTabView.swift */,
				19DF92A42D1E7851004D9F7B /* FirestoreRetryHelper.swift */,
				1968AE8A2D2B95D400B17682 /* ImageConfirmationView.swift */,
				19DF929D2D1E6E59004D9F7B /* ReceiptDetailView.swift */,
				19DF929B2D1E6DD8004D9F7B /* EditReceiptView.swift */,
				19DF92992D1E6C81004D9F7B /* FirebaseTest.swift */,
				19DF92952D1E614C004D9F7B /* FirestoreManager.swift */,
				197B82202D1E4C3E000FC681 /* Info.plist */,
				1968AE572D221E6400B17682 /* Views */,
				19DF928E2D1E571C004D9F7B /* ReceiptProcessor.swift */,
				197B821E2D1CC356000FC681 /* StatsView.swift */,
				197B821C2D1CC331000FC681 /* HomeView.swift */,
				197B821A2D1CC059000FC681 /* CaptureButtonView.swift */,
				191EE58F2E542EBF0046BC4D /* AppConfig.swift */,
				191EE58B2E542EA70046BC4D /* BackendReceiptProcessor.swift */,
				191EE5872E540B5A0046BC4D /* ImageCaptureManager.swift */,
				191EE57F2E54074E0046BC4D /* AppError.swift */,
				191EE5802E54074E0046BC4D /* LoadingStateManager.swift */,
				197B82182D1CBE00000FC681 /* ProfileView.swift */,
				197B82162D1CBDEB000FC681 /* HistoryView.swift */,
				197B820C2D1C89D3000FC681 /* DashboardView.swift */,
				197B82082D1C89B8000FC681 /* CameraView.swift */,
				19CB81F72D1773AC00FB3F19 /* BudgyFinanceApp.swift */,
				19CB81FB2D1773AD00FB3F19 /* Assets.xcassets */,
				19CB81FD2D1773AD00FB3F19 /* budgyfinance.entitlements */,
				19CB81FE2D1773AD00FB3F19 /* Preview Content */,
				19DF92942D1E610F004D9F7B /* AppDelegate.swift */,
				19DF92972D1E6B62004D9F7B /* GoogleService-Info.plist */,
				1968AE882D2B8CE800B17682 /* CustomImagePicker.swift */,
			);
			path = budgyfinance;
			sourceTree = "<group>";
		};
		19CB81FE2D1773AD00FB3F19 /* Preview Content */ = {
			isa = PBXGroup;
			children = (
				19CB81FF2D1773AD00FB3F19 /* Preview Assets.xcassets */,
			);
			path = "Preview Content";
			sourceTree = "<group>";
		};
		19CB82082D1773AD00FB3F19 /* budgyfinanceTests */ = {
			isa = PBXGroup;
			children = (
				19CB82092D1773AD00FB3F19 /* budgyfinanceTests.swift */,
			);
			path = budgyfinanceTests;
			sourceTree = "<group>";
		};
		19CB82122D1773AD00FB3F19 /* budgyfinanceUITests */ = {
			isa = PBXGroup;
			children = (
				19CB82132D1773AD00FB3F19 /* budgyfinanceUITests.swift */,
				19CB82152D1773AD00FB3F19 /* budgyfinanceUITestsLaunchTests.swift */,
			);
			path = budgyfinanceUITests;
			sourceTree = "<group>";
		};
/* End PBXGroup section */

/* Begin PBXNativeTarget section */
		19CB81F12D1773AC00FB3F19 /* budgyfinance */ = {
			isa = PBXNativeTarget;
			buildConfigurationList = 19CB82192D1773AD00FB3F19 /* Build configuration list for PBXNativeTarget "budgyfinance" */;
			buildPhases = (
				19CB81EE2D1773AC00FB3F19 /* Sources */,
				19CB81EF2D1773AC00FB3F19 /* Frameworks */,
				19CB81F02D1773AC00FB3F19 /* Resources */,
			);
			buildRules = (
			);
			dependencies = (
			);
			fileSystemSynchronizedGroups = (
				1968AE6B2D22461500B17682 /* Shared */,
				1968AE6D2D22463800B17682 /* ViewModels */,
				1968AE6E2D22464700B17682 /* Services */,
				1968AE6F2D22465300B17682 /* Models */,
			);
			name = budgyfinance;
			packageProductDependencies = (
				1956E3652D1BB185003F6EFF /* FirebaseAnalytics */,
				1956E3672D1BB393003F6EFF /* FirebaseStorage */,
				1956E3692D1BB878003F6EFF /* FirebaseFirestore */,
				1956E36B2D1BB9B6003F6EFF /* FirebaseCore */,
				19DF92A22D1E7391004D9F7B /* OpenAIKit */,
				19DF92A82D221433004D9F7B /* FirebaseAuth */,
			);
			productName = budgyfinance;
			productReference = 19CB81F22D1773AC00FB3F19 /* budgyfinance.app */;
			productType = "com.apple.product-type.application";
		};
		19CB82042D1773AD00FB3F19 /* budgyfinanceTests */ = {
			isa = PBXNativeTarget;
			buildConfigurationList = 19CB821C2D1773AD00FB3F19 /* Build configuration list for PBXNativeTarget "budgyfinanceTests" */;
			buildPhases = (
				19CB82012D1773AD00FB3F19 /* Sources */,
				19CB82022D1773AD00FB3F19 /* Frameworks */,
				19CB82032D1773AD00FB3F19 /* Resources */,
			);
			buildRules = (
			);
			dependencies = (
				19CB82072D1773AD00FB3F19 /* PBXTargetDependency */,
			);
			name = budgyfinanceTests;
			productName = budgyfinanceTests;
			productReference = 19CB82052D1773AD00FB3F19 /* budgyfinanceTests.xctest */;
			productType = "com.apple.product-type.bundle.unit-test";
		};
		19CB820E2D1773AD00FB3F19 /* budgyfinanceUITests */ = {
			isa = PBXNativeTarget;
			buildConfigurationList = 19CB821F2D1773AD00FB3F19 /* Build configuration list for PBXNativeTarget "budgyfinanceUITests" */;
			buildPhases = (
				19CB820B2D1773AD00FB3F19 /* Sources */,
				19CB820C2D1773AD00FB3F19 /* Frameworks */,
				19CB820D2D1773AD00FB3F19 /* Resources */,
			);
			buildRules = (
			);
			dependencies = (
				19CB82112D1773AD00FB3F19 /* PBXTargetDependency */,
			);
			name = budgyfinanceUITests;
			productName = budgyfinanceUITests;
			productReference = 19CB820F2D1773AD00FB3F19 /* budgyfinanceUITests.xctest */;
			productType = "com.apple.product-type.bundle.ui-testing";
		};
/* End PBXNativeTarget section */

/* Begin PBXProject section */
		19CB81EA2D1773AC00FB3F19 /* Project object */ = {
			isa = PBXProject;
			attributes = {
				BuildIndependentTargetsInParallel = 1;
				LastSwiftUpdateCheck = 1540;
				LastUpgradeCheck = 1620;
				TargetAttributes = {
					19CB81F12D1773AC00FB3F19 = {
						CreatedOnToolsVersion = 15.4;
					};
					19CB82042D1773AD00FB3F19 = {
						CreatedOnToolsVersion = 15.4;
						TestTargetID = 19CB81F12D1773AC00FB3F19;
					};
					19CB820E2D1773AD00FB3F19 = {
						CreatedOnToolsVersion = 15.4;
						TestTargetID = 19CB81F12D1773AC00FB3F19;
					};
				};
			};
			buildConfigurationList = 19CB81ED2D1773AC00FB3F19 /* Build configuration list for PBXProject "budgy" */;
			compatibilityVersion = "Xcode 14.0";
			developmentRegion = en;
			hasScannedForEncodings = 0;
			knownRegions = (
				en,
				Base,
			);
			mainGroup = 19CB81E92D1773AC00FB3F19;
			packageReferences = (
				1956E3612D1B33C5003F6EFF /* XCRemoteSwiftPackageReference "firebase-ios-sdk" */,
				19DF92A12D1E7391004D9F7B /* XCRemoteSwiftPackageReference "OpenAIKit" */,
			);
			productRefGroup = 19CB81F32D1773AC00FB3F19 /* Products */;
			projectDirPath = "";
			projectRoot = "";
			targets = (
				19CB81F12D1773AC00FB3F19 /* budgyfinance */,
				19CB82042D1773AD00FB3F19 /* budgyfinanceTests */,
				19CB820E2D1773AD00FB3F19 /* budgyfinanceUITests */,
			);
		};
/* End PBXProject section */

/* Begin PBXResourcesBuildPhase section */
		19CB81F02D1773AC00FB3F19 /* Resources */ = {
			isa = PBXResourcesBuildPhase;
			buildActionMask = 2147483647;
			files = (
				19CB82002D1773AD00FB3F19 /* Preview Assets.xcassets in Resources */,
				19CB81FC2D1773AD00FB3F19 /* Assets.xcassets in Resources */,
				19DF92982D1E6B62004D9F7B /* GoogleService-Info.plist in Resources */,
			);
			runOnlyForDeploymentPostprocessing = 0;
		};
		19CB82032D1773AD00FB3F19 /* Resources */ = {
			isa = PBXResourcesBuildPhase;
			buildActionMask = 2147483647;
			files = (
			);
			runOnlyForDeploymentPostprocessing = 0;
		};
		19CB820D2D1773AD00FB3F19 /* Resources */ = {
			isa = PBXResourcesBuildPhase;
			buildActionMask = 2147483647;
			files = (
			);
			runOnlyForDeploymentPostprocessing = 0;
		};
/* End PBXResourcesBuildPhase section */

/* Begin PBXSourcesBuildPhase section */
		19CB81EE2D1773AC00FB3F19 /* Sources */ = {
			isa = PBXSourcesBuildPhase;
			buildActionMask = 2147483647;
			files = (
				197B821F2D1CC35A000FC681 /* StatsView.swift in Sources */,
				19DF928F2D1E571C004D9F7B /* ReceiptProcessor.swift in Sources */,
				19DF929A2D1E6C81004D9F7B /* FirebaseTest.swift in Sources */,
				1968AE8D2D2CF2C000B17682 /* MetricCard.swift in Sources */,
				1968AE5F2D2244EE00B17682 /* RegistrationView.swift in Sources */,
				191EE5912E542EBF0046BC4D /* AppConfig.swift in Sources */,
				19CB81F82D1773AC00FB3F19 /* BudgyFinanceApp.swift in Sources */,
				197B82192D1CBE04000FC681 /* ProfileView.swift in Sources */,
				191EE5892E540B5A0046BC4D /* ImageCaptureManager.swift in Sources */,
				1968AE582D221E6400B17682 /* LogoView.swift in Sources */,
				1968AE612D2244FD00B17682 /* LoginView.swift in Sources */,
				19DF92A52D1E7852004D9F7B /* FirestoreRetryHelper.swift in Sources */,
				1968AE8B2D2B95D400B17682 /* ImageConfirmationView.swift in Sources */,
				19DF92A72D22132D004D9F7B /* AuthView.swift in Sources */,
				1968AE892D2B8CE800B17682 /* CustomImagePicker.swift in Sources */,
				197B82172D1CBDEE000FC681 /* HistoryView.swift in Sources */,
				19DF929C2D1E6DD8004D9F7B /* EditReceiptView.swift in Sources */,
				197B821D2D1CC333000FC681 /* HomeView.swift in Sources */,
				191EE5852E54074E0046BC4D /* AppError.swift in Sources */,
				1944E4F32E5AA77D0020F67D /* AboutView.swift in Sources */,
				1944E4F42E5AA77D0020F67D /* AppPreferencesView.swift in Sources */,
				1944E4F52E5AA77D0020F67D /* HelpSupportView.swift in Sources */,
				1944E4F62E5AA77D0020F67D /* DataManagementView.swift in Sources */,
				191EE5862E54074E0046BC4D /* LoadingStateManager.swift in Sources */,
				197B820D2D1C89D6000FC681 /* DashboardView.swift in Sources */,
				19DF92962D1E614D004D9F7B /* FirestoreManager.swift in Sources */,
				19DF929E2D1E6E59004D9F7B /* ReceiptDetailView.swift in Sources */,
				197B821B2D1CC05D000FC681 /* CaptureButtonView.swift in Sources */,
				197B82092D1C89BB000FC681 /* CameraView.swift in Sources */,
				191EE58C2E542EA70046BC4D /* BackendReceiptProcessor.swift in Sources */,
				19113A102E14C4DF0046B9D1 /* SecuritySettingsView.swift in Sources */,
				19113A0A2E10C0F00046B9D1 /* ModernAuthView.swift in Sources */,
				19113A0B2E10C0F00046B9D1 /* AppIconView.swift in Sources */,
				1968AE5C2D2244A600B17682 /* MainTabView.swift in Sources */,
			);
			runOnlyForDeploymentPostprocessing = 0;
		};
		19CB82012D1773AD00FB3F19 /* Sources */ = {
			isa = PBXSourcesBuildPhase;
			buildActionMask = 2147483647;
			files = (
				191EE5902E542EBF0046BC4D /* AppConfig.swift in Sources */,
				19113A062E10C0F00046B9D1 /* ModernAuthView.swift in Sources */,
				191EE5832E54074E0046BC4D /* AppError.swift in Sources */,
				191EE5842E54074E0046BC4D /* LoadingStateManager.swift in Sources */,
				19113A112E14C4DF0046B9D1 /* SecuritySettingsView.swift in Sources */,
				191EE58D2E542EA70046BC4D /* BackendReceiptProcessor.swift in Sources */,
				19113A072E10C0F00046B9D1 /* AppIconView.swift in Sources */,
				191EE58A2E540B5A0046BC4D /* ImageCaptureManager.swift in Sources */,
				19CB820A2D1773AD00FB3F19 /* budgyfinanceTests.swift in Sources */,
				1944E4EB2E5AA77D0020F67D /* AboutView.swift in Sources */,
				1944E4EC2E5AA77D0020F67D /* AppPreferencesView.swift in Sources */,
				1944E4ED2E5AA77D0020F67D /* HelpSupportView.swift in Sources */,
				1944E4EE2E5AA77D0020F67D /* DataManagementView.swift in Sources */,
			);
			runOnlyForDeploymentPostprocessing = 0;
		};
		19CB820B2D1773AD00FB3F19 /* Sources */ = {
			isa = PBXSourcesBuildPhase;
			buildActionMask = 2147483647;
			files = (
				19CB82142D1773AD00FB3F19 /* budgyfinanceUITests.swift in Sources */,
				191EE5922E542EBF0046BC4D /* AppConfig.swift in Sources */,
				19113A082E10C0F00046B9D1 /* ModernAuthView.swift in Sources */,
				191EE58E2E542EA70046BC4D /* BackendReceiptProcessor.swift in Sources */,
				191EE5812E54074E0046BC4D /* AppError.swift in Sources */,
				1944E4EF2E5AA77D0020F67D /* AboutView.swift in Sources */,
				1944E4F02E5AA77D0020F67D /* AppPreferencesView.swift in Sources */,
				1944E4F12E5AA77D0020F67D /* HelpSupportView.swift in Sources */,
				1944E4F22E5AA77D0020F67D /* DataManagementView.swift in Sources */,
				191EE5822E54074E0046BC4D /* LoadingStateManager.swift in Sources */,
				19113A092E10C0F00046B9D1 /* AppIconView.swift in Sources */,
				19113A0F2E14C4DF0046B9D1 /* SecuritySettingsView.swift in Sources */,
				191EE5882E540B5A0046BC4D /* ImageCaptureManager.swift in Sources */,
				19CB82162D1773AD00FB3F19 /* budgyfinanceUITestsLaunchTests.swift in Sources */,
			);
			runOnlyForDeploymentPostprocessing = 0;
		};
/* End PBXSourcesBuildPhase section */

/* Begin PBXTargetDependency section */
		19CB82072D1773AD00FB3F19 /* PBXTargetDependency */ = {
			isa = PBXTargetDependency;
			target = 19CB81F12D1773AC00FB3F19 /* budgyfinance */;
			targetProxy = 19CB82062D1773AD00FB3F19 /* PBXContainerItemProxy */;
		};
		19CB82112D1773AD00FB3F19 /* PBXTargetDependency */ = {
			isa = PBXTargetDependency;
			target = 19CB81F12D1773AC00FB3F19 /* budgyfinance */;
			targetProxy = 19CB82102D1773AD00FB3F19 /* PBXContainerItemProxy */;
		};
/* End PBXTargetDependency section */

/* Begin XCBuildConfiguration section */
		19CB82172D1773AD00FB3F19 /* Debug */ = {
			isa = XCBuildConfiguration;
			buildSettings = {
				ALWAYS_SEARCH_USER_PATHS = NO;
				ASSETCATALOG_COMPILER_GENERATE_SWIFT_ASSET_SYMBOL_EXTENSIONS = YES;
				CLANG_ANALYZER_NONNULL = YES;
				CLANG_ANALYZER_NUMBER_OBJECT_CONVERSION = YES_AGGRESSIVE;
				CLANG_CXX_LANGUAGE_STANDARD = "gnu++20";
				CLANG_ENABLE_MODULES = YES;
				CLANG_ENABLE_OBJC_ARC = YES;
				CLANG_ENABLE_OBJC_WEAK = YES;
				CLANG_WARN_BLOCK_CAPTURE_AUTORELEASING = YES;
				CLANG_WARN_BOOL_CONVERSION = YES;
				CLANG_WARN_COMMA = YES;
				CLANG_WARN_CONSTANT_CONVERSION = YES;
				CLANG_WARN_DEPRECATED_OBJC_IMPLEMENTATIONS = YES;
				CLANG_WARN_DIRECT_OBJC_ISA_USAGE = YES_ERROR;
				CLANG_WARN_DOCUMENTATION_COMMENTS = YES;
				CLANG_WARN_EMPTY_BODY = YES;
				CLANG_WARN_ENUM_CONVERSION = YES;
				CLANG_WARN_INFINITE_RECURSION = YES;
				CLANG_WARN_INT_CONVERSION = YES;
				CLANG_WARN_NON_LITERAL_NULL_CONVERSION = YES;
				CLANG_WARN_OBJC_IMPLICIT_RETAIN_SELF = YES;
				CLANG_WARN_OBJC_LITERAL_CONVERSION = YES;
				CLANG_WARN_OBJC_ROOT_CLASS = YES_ERROR;
				CLANG_WARN_QUOTED_INCLUDE_IN_FRAMEWORK_HEADER = YES;
				CLANG_WARN_RANGE_LOOP_ANALYSIS = YES;
				CLANG_WARN_STRICT_PROTOTYPES = YES;
				CLANG_WARN_SUSPICIOUS_MOVE = YES;
				CLANG_WARN_UNGUARDED_AVAILABILITY = YES_AGGRESSIVE;
				CLANG_WARN_UNREACHABLE_CODE = YES;
				CLANG_WARN__DUPLICATE_METHOD_MATCH = YES;
				COPY_PHASE_STRIP = NO;
				DEBUG_INFORMATION_FORMAT = dwarf;
				ENABLE_STRICT_OBJC_MSGSEND = YES;
				ENABLE_TESTABILITY = YES;
				ENABLE_USER_SCRIPT_SANDBOXING = YES;
				GCC_C_LANGUAGE_STANDARD = gnu17;
				GCC_DYNAMIC_NO_PIC = NO;
				GCC_NO_COMMON_BLOCKS = YES;
				GCC_OPTIMIZATION_LEVEL = 0;
				GCC_PREPROCESSOR_DEFINITIONS = (
					"DEBUG=1",
					"$(inherited)",
				);
				GCC_WARN_64_TO_32_BIT_CONVERSION = YES;
				GCC_WARN_ABOUT_RETURN_TYPE = YES_ERROR;
				GCC_WARN_UNDECLARED_SELECTOR = YES;
				GCC_WARN_UNINITIALIZED_AUTOS = YES_AGGRESSIVE;
				GCC_WARN_UNUSED_FUNCTION = YES;
				GCC_WARN_UNUSED_VARIABLE = YES;
				LOCALIZATION_PREFERS_STRING_CATALOGS = YES;
				MTL_ENABLE_DEBUG_INFO = INCLUDE_SOURCE;
				MTL_FAST_MATH = YES;
				ONLY_ACTIVE_ARCH = YES;
				SDKROOT = iphoneos;
				SWIFT_ACTIVE_COMPILATION_CONDITIONS = "DEBUG $(inherited)";
				SWIFT_OPTIMIZATION_LEVEL = "-Onone";
			};
			name = Debug;
		};
		19CB82182D1773AD00FB3F19 /* Release */ = {
			isa = XCBuildConfiguration;
			buildSettings = {
				ALWAYS_SEARCH_USER_PATHS = NO;
				ASSETCATALOG_COMPILER_GENERATE_SWIFT_ASSET_SYMBOL_EXTENSIONS = YES;
				CLANG_ANALYZER_NONNULL = YES;
				CLANG_ANALYZER_NUMBER_OBJECT_CONVERSION = YES_AGGRESSIVE;
				CLANG_CXX_LANGUAGE_STANDARD = "gnu++20";
				CLANG_ENABLE_MODULES = YES;
				CLANG_ENABLE_OBJC_ARC = YES;
				CLANG_ENABLE_OBJC_WEAK = YES;
				CLANG_WARN_BLOCK_CAPTURE_AUTORELEASING = YES;
				CLANG_WARN_BOOL_CONVERSION = YES;
				CLANG_WARN_COMMA = YES;
				CLANG_WARN_CONSTANT_CONVERSION = YES;
				CLANG_WARN_DEPRECATED_OBJC_IMPLEMENTATIONS = YES;
				CLANG_WARN_DIRECT_OBJC_ISA_USAGE = YES_ERROR;
				CLANG_WARN_DOCUMENTATION_COMMENTS = YES;
				CLANG_WARN_EMPTY_BODY = YES;
				CLANG_WARN_ENUM_CONVERSION = YES;
				CLANG_WARN_INFINITE_RECURSION = YES;
				CLANG_WARN_INT_CONVERSION = YES;
				CLANG_WARN_NON_LITERAL_NULL_CONVERSION = YES;
				CLANG_WARN_OBJC_IMPLICIT_RETAIN_SELF = YES;
				CLANG_WARN_OBJC_LITERAL_CONVERSION = YES;
				CLANG_WARN_OBJC_ROOT_CLASS = YES_ERROR;
				CLANG_WARN_QUOTED_INCLUDE_IN_FRAMEWORK_HEADER = YES;
				CLANG_WARN_RANGE_LOOP_ANALYSIS = YES;
				CLANG_WARN_STRICT_PROTOTYPES = YES;
				CLANG_WARN_SUSPICIOUS_MOVE = YES;
				CLANG_WARN_UNGUARDED_AVAILABILITY = YES_AGGRESSIVE;
				CLANG_WARN_UNREACHABLE_CODE = YES;
				CLANG_WARN__DUPLICATE_METHOD_MATCH = YES;
				COPY_PHASE_STRIP = NO;
				DEBUG_INFORMATION_FORMAT = "dwarf-with-dsym";
				ENABLE_NS_ASSERTIONS = NO;
				ENABLE_STRICT_OBJC_MSGSEND = YES;
				ENABLE_USER_SCRIPT_SANDBOXING = YES;
				GCC_C_LANGUAGE_STANDARD = gnu17;
				GCC_NO_COMMON_BLOCKS = YES;
				GCC_WARN_64_TO_32_BIT_CONVERSION = YES;
				GCC_WARN_ABOUT_RETURN_TYPE = YES_ERROR;
				GCC_WARN_UNDECLARED_SELECTOR = YES;
				GCC_WARN_UNINITIALIZED_AUTOS = YES_AGGRESSIVE;
				GCC_WARN_UNUSED_FUNCTION = YES;
				GCC_WARN_UNUSED_VARIABLE = YES;
				LOCALIZATION_PREFERS_STRING_CATALOGS = YES;
				MTL_ENABLE_DEBUG_INFO = NO;
				MTL_FAST_MATH = YES;
				SDKROOT = iphoneos;
				SWIFT_COMPILATION_MODE = wholemodule;
			};
			name = Release;
		};
		19CB821A2D1773AD00FB3F19 /* Debug */ = {
			isa = XCBuildConfiguration;
			buildSettings = {
				ASSETCATALOG_COMPILER_APPICON_NAME = AppIcon;
				ASSETCATALOG_COMPILER_GLOBAL_ACCENT_COLOR_NAME = AccentColor;
				CODE_SIGN_ENTITLEMENTS = budgyfinance/budgyfinance.entitlements;
				CODE_SIGN_STYLE = Automatic;
				CURRENT_PROJECT_VERSION = 1;
				DEAD_CODE_STRIPPING = YES;
				DEVELOPMENT_ASSET_PATHS = "\"budgyfinance/Preview Content\"";
				DEVELOPMENT_TEAM = H2NNH6ZF8X;
				ENABLE_HARDENED_RUNTIME = YES;
				ENABLE_PREVIEWS = YES;
				GENERATE_INFOPLIST_FILE = YES;
				INFOPLIST_FILE = budgyfinance/Info.plist;
				"INFOPLIST_KEY_UIApplicationSceneManifest_Generation[sdk=iphoneos*]" = YES;
				"INFOPLIST_KEY_UIApplicationSceneManifest_Generation[sdk=iphonesimulator*]" = YES;
				"INFOPLIST_KEY_UIApplicationSupportsIndirectInputEvents[sdk=iphoneos*]" = YES;
				"INFOPLIST_KEY_UIApplicationSupportsIndirectInputEvents[sdk=iphonesimulator*]" = YES;
				"INFOPLIST_KEY_UILaunchScreen_Generation[sdk=iphoneos*]" = YES;
				"INFOPLIST_KEY_UILaunchScreen_Generation[sdk=iphonesimulator*]" = YES;
				"INFOPLIST_KEY_UIStatusBarStyle[sdk=iphoneos*]" = UIStatusBarStyleDefault;
				"INFOPLIST_KEY_UIStatusBarStyle[sdk=iphonesimulator*]" = UIStatusBarStyleDefault;
				INFOPLIST_KEY_UISupportedInterfaceOrientations_iPad = "UIInterfaceOrientationPortrait UIInterfaceOrientationPortraitUpsideDown UIInterfaceOrientationLandscapeLeft UIInterfaceOrientationLandscapeRight";
				INFOPLIST_KEY_UISupportedInterfaceOrientations_iPhone = "UIInterfaceOrientationPortrait UIInterfaceOrientationLandscapeLeft UIInterfaceOrientationLandscapeRight";
				IPHONEOS_DEPLOYMENT_TARGET = 17.5;
				LD_RUNPATH_SEARCH_PATHS = (
					"@executable_path/Frameworks",
					"@loader_path/Frameworks",
					"$(inherited)",
				);
				"LD_RUNPATH_SEARCH_PATHS[sdk=iphoneos*]" = "@executable_path/../Frameworks";
				MACOSX_DEPLOYMENT_TARGET = 14.0;
				MARKETING_VERSION = 1.0;
				NEW_SETTING = "";
				PRODUCT_BUNDLE_IDENTIFIER = com.budgyfinance;
				PRODUCT_NAME = "$(TARGET_NAME)";
				SDKROOT = auto;
				SUPPORTED_PLATFORMS = "iphoneos iphonesimulator macosx";
				SWIFT_EMIT_LOC_STRINGS = YES;
				SWIFT_VERSION = 5.0;
				TARGETED_DEVICE_FAMILY = "1,2";
			};
			name = Debug;
		};
		19CB821B2D1773AD00FB3F19 /* Release */ = {
			isa = XCBuildConfiguration;
			buildSettings = {
				ASSETCATALOG_COMPILER_APPICON_NAME = AppIcon;
				ASSETCATALOG_COMPILER_GLOBAL_ACCENT_COLOR_NAME = AccentColor;
				CODE_SIGN_ENTITLEMENTS = budgyfinance/budgyfinance.entitlements;
				CODE_SIGN_STYLE = Automatic;
				CURRENT_PROJECT_VERSION = 1;
				DEAD_CODE_STRIPPING = YES;
				DEVELOPMENT_ASSET_PATHS = "\"budgyfinance/Preview Content\"";
				DEVELOPMENT_TEAM = H2NNH6ZF8X;
				ENABLE_HARDENED_RUNTIME = YES;
				ENABLE_PREVIEWS = YES;
				GENERATE_INFOPLIST_FILE = YES;
				INFOPLIST_FILE = budgyfinance/Info.plist;
				"INFOPLIST_KEY_UIApplicationSceneManifest_Generation[sdk=iphoneos*]" = YES;
				"INFOPLIST_KEY_UIApplicationSceneManifest_Generation[sdk=iphonesimulator*]" = YES;
				"INFOPLIST_KEY_UIApplicationSupportsIndirectInputEvents[sdk=iphoneos*]" = YES;
				"INFOPLIST_KEY_UIApplicationSupportsIndirectInputEvents[sdk=iphonesimulator*]" = YES;
				"INFOPLIST_KEY_UILaunchScreen_Generation[sdk=iphoneos*]" = YES;
				"INFOPLIST_KEY_UILaunchScreen_Generation[sdk=iphonesimulator*]" = YES;
				"INFOPLIST_KEY_UIStatusBarStyle[sdk=iphoneos*]" = UIStatusBarStyleDefault;
				"INFOPLIST_KEY_UIStatusBarStyle[sdk=iphonesimulator*]" = UIStatusBarStyleDefault;
				INFOPLIST_KEY_UISupportedInterfaceOrientations_iPad = "UIInterfaceOrientationPortrait UIInterfaceOrientationPortraitUpsideDown UIInterfaceOrientationLandscapeLeft UIInterfaceOrientationLandscapeRight";
				INFOPLIST_KEY_UISupportedInterfaceOrientations_iPhone = "UIInterfaceOrientationPortrait UIInterfaceOrientationLandscapeLeft UIInterfaceOrientationLandscapeRight";
				IPHONEOS_DEPLOYMENT_TARGET = 17.5;
				LD_RUNPATH_SEARCH_PATHS = "@executable_path/Frameworks";
				"LD_RUNPATH_SEARCH_PATHS[sdk=iphoneos*]" = "@executable_path/../Frameworks";
				MACOSX_DEPLOYMENT_TARGET = 14.0;
				MARKETING_VERSION = 1.0;
				NEW_SETTING = "";
				PRODUCT_BUNDLE_IDENTIFIER = com.budgyfinance;
				PRODUCT_NAME = "$(TARGET_NAME)";
				SDKROOT = auto;
				SUPPORTED_PLATFORMS = "iphoneos iphonesimulator macosx";
				SWIFT_EMIT_LOC_STRINGS = YES;
				SWIFT_VERSION = 5.0;
				TARGETED_DEVICE_FAMILY = "1,2";
			};
			name = Release;
		};
		19CB821D2D1773AD00FB3F19 /* Debug */ = {
			isa = XCBuildConfiguration;
			buildSettings = {
				BUNDLE_LOADER = "$(TEST_HOST)";
				CODE_SIGN_STYLE = Automatic;
				CURRENT_PROJECT_VERSION = 1;
				DEAD_CODE_STRIPPING = YES;
				DEVELOPMENT_TEAM = H2NNH6ZF8X;
				GENERATE_INFOPLIST_FILE = YES;
				IPHONEOS_DEPLOYMENT_TARGET = 17.5;
				MACOSX_DEPLOYMENT_TARGET = 14.5;
				MARKETING_VERSION = 1.0;
				PRODUCT_BUNDLE_IDENTIFIER = com.budgyfinanceTests;
				PRODUCT_NAME = "$(TARGET_NAME)";
				SDKROOT = auto;
				SUPPORTED_PLATFORMS = "iphoneos iphonesimulator macosx";
				SWIFT_EMIT_LOC_STRINGS = NO;
				SWIFT_VERSION = 5.0;
				TARGETED_DEVICE_FAMILY = "1,2";
				TEST_HOST = "$(BUILT_PRODUCTS_DIR)/budgyfinance.app/$(BUNDLE_EXECUTABLE_FOLDER_PATH)/budgyfinance";
			};
			name = Debug;
		};
		19CB821E2D1773AD00FB3F19 /* Release */ = {
			isa = XCBuildConfiguration;
			buildSettings = {
				BUNDLE_LOADER = "$(TEST_HOST)";
				CODE_SIGN_STYLE = Automatic;
				CURRENT_PROJECT_VERSION = 1;
				DEAD_CODE_STRIPPING = YES;
				DEVELOPMENT_TEAM = H2NNH6ZF8X;
				GENERATE_INFOPLIST_FILE = YES;
				IPHONEOS_DEPLOYMENT_TARGET = 17.5;
				MACOSX_DEPLOYMENT_TARGET = 14.5;
				MARKETING_VERSION = 1.0;
				PRODUCT_BUNDLE_IDENTIFIER = com.budgyfinanceTests;
				PRODUCT_NAME = "$(TARGET_NAME)";
				SDKROOT = auto;
				SUPPORTED_PLATFORMS = "iphoneos iphonesimulator macosx";
				SWIFT_EMIT_LOC_STRINGS = NO;
				SWIFT_VERSION = 5.0;
				TARGETED_DEVICE_FAMILY = "1,2";
				TEST_HOST = "$(BUILT_PRODUCTS_DIR)/budgyfinance.app/$(BUNDLE_EXECUTABLE_FOLDER_PATH)/budgyfinance";
			};
			name = Release;
		};
		19CB82202D1773AD00FB3F19 /* Debug */ = {
			isa = XCBuildConfiguration;
			buildSettings = {
				CODE_SIGN_STYLE = Automatic;
				CURRENT_PROJECT_VERSION = 1;
				DEAD_CODE_STRIPPING = YES;
				DEVELOPMENT_TEAM = H2NNH6ZF8X;
				GENERATE_INFOPLIST_FILE = YES;
				IPHONEOS_DEPLOYMENT_TARGET = 17.5;
				MACOSX_DEPLOYMENT_TARGET = 14.5;
				MARKETING_VERSION = 1.0;
				PRODUCT_BUNDLE_IDENTIFIER = com.budgyfinanceUITests;
				PRODUCT_NAME = "$(TARGET_NAME)";
				SDKROOT = auto;
				SUPPORTED_PLATFORMS = "iphoneos iphonesimulator macosx";
				SWIFT_EMIT_LOC_STRINGS = NO;
				SWIFT_VERSION = 5.0;
				TARGETED_DEVICE_FAMILY = "1,2";
				TEST_TARGET_NAME = budgyfinance;
			};
			name = Debug;
		};
		19CB82212D1773AD00FB3F19 /* Release */ = {
			isa = XCBuildConfiguration;
			buildSettings = {
				CODE_SIGN_STYLE = Automatic;
				CURRENT_PROJECT_VERSION = 1;
				DEAD_CODE_STRIPPING = YES;
				DEVELOPMENT_TEAM = H2NNH6ZF8X;
				GENERATE_INFOPLIST_FILE = YES;
				IPHONEOS_DEPLOYMENT_TARGET = 17.5;
				MACOSX_DEPLOYMENT_TARGET = 14.5;
				MARKETING_VERSION = 1.0;
				PRODUCT_BUNDLE_IDENTIFIER = com.budgyfinanceUITests;
				PRODUCT_NAME = "$(TARGET_NAME)";
				SDKROOT = auto;
				SUPPORTED_PLATFORMS = "iphoneos iphonesimulator macosx";
				SWIFT_EMIT_LOC_STRINGS = NO;
				SWIFT_VERSION = 5.0;
				TARGETED_DEVICE_FAMILY = "1,2";
				TEST_TARGET_NAME = budgyfinance;
			};
			name = Release;
		};
/* End XCBuildConfiguration section */

/* Begin XCConfigurationList section */
		19CB81ED2D1773AC00FB3F19 /* Build configuration list for PBXProject "budgy" */ = {
			isa = XCConfigurationList;
			buildConfigurations = (
				19CB82172D1773AD00FB3F19 /* Debug */,
				19CB82182D1773AD00FB3F19 /* Release */,
			);
			defaultConfigurationIsVisible = 0;
			defaultConfigurationName = Release;
		};
		19CB82192D1773AD00FB3F19 /* Build configuration list for PBXNativeTarget "budgyfinance" */ = {
			isa = XCConfigurationList;
			buildConfigurations = (
				19CB821A2D1773AD00FB3F19 /* Debug */,
				19CB821B2D1773AD00FB3F19 /* Release */,
			);
			defaultConfigurationIsVisible = 0;
			defaultConfigurationName = Release;
		};
		19CB821C2D1773AD00FB3F19 /* Build configuration list for PBXNativeTarget "budgyfinanceTests" */ = {
			isa = XCConfigurationList;
			buildConfigurations = (
				19CB821D2D1773AD00FB3F19 /* Debug */,
				19CB821E2D1773AD00FB3F19 /* Release */,
			);
			defaultConfigurationIsVisible = 0;
			defaultConfigurationName = Release;
		};
		19CB821F2D1773AD00FB3F19 /* Build configuration list for PBXNativeTarget "budgyfinanceUITests" */ = {
			isa = XCConfigurationList;
			buildConfigurations = (
				19CB82202D1773AD00FB3F19 /* Debug */,
				19CB82212D1773AD00FB3F19 /* Release */,
			);
			defaultConfigurationIsVisible = 0;
			defaultConfigurationName = Release;
		};
/* End XCConfigurationList section */

/* Begin XCRemoteSwiftPackageReference section */
		1956E3612D1B33C5003F6EFF /* XCRemoteSwiftPackageReference "firebase-ios-sdk" */ = {
			isa = XCRemoteSwiftPackageReference;
			repositoryURL = "https://github.com/firebase/firebase-ios-sdk";
			requirement = {
				kind = upToNextMajorVersion;
				minimumVersion = 11.6.0;
			};
		};
		19DF92A12D1E7391004D9F7B /* XCRemoteSwiftPackageReference "OpenAIKit" */ = {
			isa = XCRemoteSwiftPackageReference;
			repositoryURL = "https://github.com/OpenDive/OpenAIKit";
			requirement = {
				kind = upToNextMajorVersion;
				minimumVersion = 2.0.1;
			};
		};
/* End XCRemoteSwiftPackageReference section */

/* Begin XCSwiftPackageProductDependency section */
		1956E3652D1BB185003F6EFF /* FirebaseAnalytics */ = {
			isa = XCSwiftPackageProductDependency;
			package = 1956E3612D1B33C5003F6EFF /* XCRemoteSwiftPackageReference "firebase-ios-sdk" */;
			productName = FirebaseAnalytics;
		};
		1956E3672D1BB393003F6EFF /* FirebaseStorage */ = {
			isa = XCSwiftPackageProductDependency;
			package = 1956E3612D1B33C5003F6EFF /* XCRemoteSwiftPackageReference "firebase-ios-sdk" */;
			productName = FirebaseStorage;
		};
		1956E3692D1BB878003F6EFF /* FirebaseFirestore */ = {
			isa = XCSwiftPackageProductDependency;
			package = 1956E3612D1B33C5003F6EFF /* XCRemoteSwiftPackageReference "firebase-ios-sdk" */;
			productName = FirebaseFirestore;
		};
		1956E36B2D1BB9B6003F6EFF /* FirebaseCore */ = {
			isa = XCSwiftPackageProductDependency;
			package = 1956E3612D1B33C5003F6EFF /* XCRemoteSwiftPackageReference "firebase-ios-sdk" */;
			productName = FirebaseCore;
		};
		19DF92A22D1E7391004D9F7B /* OpenAIKit */ = {
			isa = XCSwiftPackageProductDependency;
			package = 19DF92A12D1E7391004D9F7B /* XCRemoteSwiftPackageReference "OpenAIKit" */;
			productName = OpenAIKit;
		};
		19DF92A82D221433004D9F7B /* FirebaseAuth */ = {
			isa = XCSwiftPackageProductDependency;
			package = 1956E3612D1B33C5003F6EFF /* XCRemoteSwiftPackageReference "firebase-ios-sdk" */;
			productName = FirebaseAuth;
		};
/* End XCSwiftPackageProductDependency section */
	};
	rootObject = 19CB81EA2D1773AC00FB3F19 /* Project object */;
}
